// !$*UTF8*$!
{
	archiveVersion = 1;
	classes = {
	};
	objectVersion = 50;
	objects = {

/* Begin PBXBuildFile section */
		F2C2FBEE23A122720065AE1E /* AppDelegate.swift in Sources */ = {isa = PBXBuildFile; fileRef = F2C2FBED23A122720065AE1E /* AppDelegate.swift */; };
		F2C2FBF023A122720065AE1E /* SceneDelegate.swift in Sources */ = {isa = PBXBuildFile; fileRef = F2C2FBEF23A122720065AE1E /* SceneDelegate.swift */; };
		F2C2FBF523A122720065AE1E /* Main.storyboard in Resources */ = {isa = PBXBuildFile; fileRef = F2C2FBF323A122720065AE1E /* Main.storyboard */; };
		F2C2FBF723A122740065AE1E /* Assets.xcassets in Resources */ = {isa = PBXBuildFile; fileRef = F2C2FBF623A122740065AE1E /* Assets.xcassets */; };
		F2C2FBFA23A122740065AE1E /* LaunchScreen.storyboard in Resources */ = {isa = PBXBuildFile; fileRef = F2C2FBF823A122740065AE1E /* LaunchScreen.storyboard */; };
		F2C2FC0223A123390065AE1E /* TableViewController.swift in Sources */ = {isa = PBXBuildFile; fileRef = F2C2FC0123A123390065AE1E /* TableViewController.swift */; };
		F2C2FC0423A129850065AE1E /* SectionHeaderCell.xib in Resources */ = {isa = PBXBuildFile; fileRef = F2C2FC0323A129850065AE1E /* SectionHeaderCell.xib */; };
		F2C2FC0723A129A80065AE1E /* PlayerListEntryCell.xib in Resources */ = {isa = PBXBuildFile; fileRef = F2C2FC0523A129A80065AE1E /* PlayerListEntryCell.xib */; };
		F2C2FC0823A129A80065AE1E /* PlayerListEntryCell.swift in Sources */ = {isa = PBXBuildFile; fileRef = F2C2FC0623A129A80065AE1E /* PlayerListEntryCell.swift */; };
		F2C2FC0A23A129B30065AE1E /* SectionHeaderCell.swift in Sources */ = {isa = PBXBuildFile; fileRef = F2C2FC0923A129B30065AE1E /* SectionHeaderCell.swift */; };
		F2C2FC1023A131800065AE1E /* Player.swift in Sources */ = {isa = PBXBuildFile; fileRef = F2C2FC0F23A131800065AE1E /* Player.swift */; };
/* End PBXBuildFile section */

/* Begin PBXFileReference section */
		F2C2FBEA23A122720065AE1E /* SortedTableViewTest.app */ = {isa = PBXFileReference; explicitFileType = wrapper.application; includeInIndex = 0; path = SortedTableViewTest.app; sourceTree = BUILT_PRODUCTS_DIR; };
		F2C2FBED23A122720065AE1E /* AppDelegate.swift */ = {isa = PBXFileReference; lastKnownFileType = sourcecode.swift; path = AppDelegate.swift; sourceTree = "<group>"; };
		F2C2FBEF23A122720065AE1E /* SceneDelegate.swift */ = {isa = PBXFileReference; lastKnownFileType = sourcecode.swift; path = SceneDelegate.swift; sourceTree = "<group>"; };
		F2C2FBF423A122720065AE1E /* Base */ = {isa = PBXFileReference; lastKnownFileType = file.storyboard; name = Base; path = Base.lproj/Main.storyboard; sourceTree = "<group>"; };
		F2C2FBF623A122740065AE1E /* Assets.xcassets */ = {isa = PBXFileReference; lastKnownFileType = folder.assetcatalog; path = Assets.xcassets; sourceTree = "<group>"; };
		F2C2FBF923A122740065AE1E /* Base */ = {isa = PBXFileReference; lastKnownFileType = file.storyboard; name = Base; path = Base.lproj/LaunchScreen.storyboard; sourceTree = "<group>"; };
		F2C2FBFB23A122740065AE1E /* Info.plist */ = {isa = PBXFileReference; lastKnownFileType = text.plist.xml; path = Info.plist; sourceTree = "<group>"; };
		F2C2FC0123A123390065AE1E /* TableViewController.swift */ = {isa = PBXFileReference; lastKnownFileType = sourcecode.swift; path = TableViewController.swift; sourceTree = "<group>"; };
		F2C2FC0323A129850065AE1E /* SectionHeaderCell.xib */ = {isa = PBXFileReference; fileEncoding = 4; lastKnownFileType = file.xib; path = SectionHeaderCell.xib; sourceTree = "<group>"; };
		F2C2FC0523A129A80065AE1E /* PlayerListEntryCell.xib */ = {isa = PBXFileReference; fileEncoding = 4; lastKnownFileType = file.xib; path = PlayerListEntryCell.xib; sourceTree = "<group>"; };
		F2C2FC0623A129A80065AE1E /* PlayerListEntryCell.swift */ = {isa = PBXFileReference; fileEncoding = 4; lastKnownFileType = sourcecode.swift; path = PlayerListEntryCell.swift; sourceTree = "<group>"; };
		F2C2FC0923A129B30065AE1E /* SectionHeaderCell.swift */ = {isa = PBXFileReference; fileEncoding = 4; lastKnownFileType = sourcecode.swift; path = SectionHeaderCell.swift; sourceTree = "<group>"; };
		F2C2FC0F23A131800065AE1E /* Player.swift */ = {isa = PBXFileReference; lastKnownFileType = sourcecode.swift; path = Player.swift; sourceTree = "<group>"; };
/* End PBXFileReference section */

/* Begin PBXFrameworksBuildPhase section */
		F2C2FBE723A122720065AE1E /* Frameworks */ = {
			isa = PBXFrameworksBuildPhase;
			buildActionMask = 2147483647;
			files = (
			);
			runOnlyForDeploymentPostprocessing = 0;
		};
/* End PBXFrameworksBuildPhase section */

/* Begin PBXGroup section */
		F2C2FBE123A122720065AE1E = {
			isa = PBXGroup;
			children = (
				F2C2FBEC23A122720065AE1E /* SortedTableViewTest */,
				F2C2FBEB23A122720065AE1E /* Products */,
			);
			sourceTree = "<group>";
		};
		F2C2FBEB23A122720065AE1E /* Products */ = {
			isa = PBXGroup;
			children = (
				F2C2FBEA23A122720065AE1E /* SortedTableViewTest.app */,
			);
			name = Products;
			sourceTree = "<group>";
		};
		F2C2FBEC23A122720065AE1E /* SortedTableViewTest */ = {
			isa = PBXGroup;
			children = (
				F2C2FBED23A122720065AE1E /* AppDelegate.swift */,
				F2C2FBEF23A122720065AE1E /* SceneDelegate.swift */,
				F2C2FC0B23A12DF40065AE1E /* Storyboards */,
				F2C2FC0E23A131430065AE1E /* Models */,
				F2C2FC0C23A12ECC0065AE1E /* View Controllers */,
				F2C2FC0D23A12F0D0065AE1E /* Cell */,
				F2C2FBF623A122740065AE1E /* Assets.xcassets */,
				F2C2FBFB23A122740065AE1E /* Info.plist */,
			);
			path = SortedTableViewTest;
			sourceTree = "<group>";
		};
		F2C2FC0B23A12DF40065AE1E /* Storyboards */ = {
			isa = PBXGroup;
			children = (
				F2C2FBF823A122740065AE1E /* LaunchScreen.storyboard */,
				F2C2FBF323A122720065AE1E /* Main.storyboard */,
				F2C2FC0323A129850065AE1E /* SectionHeaderCell.xib */,
				F2C2FC0523A129A80065AE1E /* PlayerListEntryCell.xib */,
			);
			path = Storyboards;
			sourceTree = "<group>";
		};
		F2C2FC0C23A12ECC0065AE1E /* View Controllers */ = {
			isa = PBXGroup;
			children = (
				F2C2FC0123A123390065AE1E /* TableViewController.swift */,
			);
			path = "View Controllers";
			sourceTree = "<group>";
		};
		F2C2FC0D23A12F0D0065AE1E /* Cell */ = {
			isa = PBXGroup;
			children = (
				F2C2FC0923A129B30065AE1E /* SectionHeaderCell.swift */,
				F2C2FC0623A129A80065AE1E /* PlayerListEntryCell.swift */,
			);
			path = Cell;
			sourceTree = "<group>";
		};
		F2C2FC0E23A131430065AE1E /* Models */ = {
			isa = PBXGroup;
			children = (
				F2C2FC0F23A131800065AE1E /* Player.swift */,
			);
			path = Models;
			sourceTree = "<group>";
		};
/* End PBXGroup section */

/* Begin PBXNativeTarget section */
		F2C2FBE923A122720065AE1E /* SortedTableViewTest */ = {
			isa = PBXNativeTarget;
			buildConfigurationList = F2C2FBFE23A122740065AE1E /* Build configuration list for PBXNativeTarget "SortedTableViewTest" */;
			buildPhases = (
				F2C2FBE623A122720065AE1E /* Sources */,
				F2C2FBE723A122720065AE1E /* Frameworks */,
				F2C2FBE823A122720065AE1E /* Resources */,
			);
			buildRules = (
			);
			dependencies = (
			);
			name = SortedTableViewTest;
			productName = SortedTableViewTest;
			productReference = F2C2FBEA23A122720065AE1E /* SortedTableViewTest.app */;
			productType = "com.apple.product-type.application";
		};
/* End PBXNativeTarget section */

/* Begin PBXProject section */
		F2C2FBE223A122720065AE1E /* Project object */ = {
			isa = PBXProject;
			attributes = {
				LastSwiftUpdateCheck = 1120;
				LastUpgradeCheck = 1120;
				ORGANIZATIONNAME = "Derek Nguyen";
				TargetAttributes = {
					F2C2FBE923A122720065AE1E = {
						CreatedOnToolsVersion = 11.2.1;
					};
				};
			};
			buildConfigurationList = F2C2FBE523A122720065AE1E /* Build configuration list for PBXProject "SortedTableViewTest" */;
			compatibilityVersion = "Xcode 9.3";
			developmentRegion = en;
			hasScannedForEncodings = 0;
			knownRegions = (
				en,
				Base,
			);
			mainGroup = F2C2FBE123A122720065AE1E;
			productRefGroup = F2C2FBEB23A122720065AE1E /* Products */;
			projectDirPath = "";
			projectRoot = "";
			targets = (
				F2C2FBE923A122720065AE1E /* SortedTableViewTest */,
			);
		};
/* End PBXProject section */

/* Begin PBXResourcesBuildPhase section */
		F2C2FBE823A122720065AE1E /* Resources */ = {
			isa = PBXResourcesBuildPhase;
			buildActionMask = 2147483647;
			files = (
				F2C2FC0423A129850065AE1E /* SectionHeaderCell.xib in Resources */,
				F2C2FBFA23A122740065AE1E /* LaunchScreen.storyboard in Resources */,
				F2C2FC0723A129A80065AE1E /* PlayerListEntryCell.xib in Resources */,
				F2C2FBF723A122740065AE1E /* Assets.xcassets in Resources */,
				F2C2FBF523A122720065AE1E /* Main.storyboard in Resources */,
			);
			runOnlyForDeploymentPostprocessing = 0;
		};
/* End PBXResourcesBuildPhase section */

/* Begin PBXSourcesBuildPhase section */
		F2C2FBE623A122720065AE1E /* Sources */ = {
			isa = PBXSourcesBuildPhase;
			buildActionMask = 2147483647;
			files = (
				F2C2FBEE23A122720065AE1E /* AppDelegate.swift in Sources */,
				F2C2FC0A23A129B30065AE1E /* SectionHeaderCell.swift in Sources */,
				F2C2FC0223A123390065AE1E /* TableViewController.swift in Sources */,
				F2C2FBF023A122720065AE1E /* SceneDelegate.swift in Sources */,
				F2C2FC1023A131800065AE1E /* Player.swift in Sources */,
				F2C2FC0823A129A80065AE1E /* PlayerListEntryCell.swift in Sources */,
			);
			runOnlyForDeploymentPostprocessing = 0;
		};
/* End PBXSourcesBuildPhase section */

/* Begin PBXVariantGroup section */
		F2C2FBF323A122720065AE1E /* Main.storyboard */ = {
			isa = PBXVariantGroup;
			children = (
				F2C2FBF423A122720065AE1E /* Base */,
			);
			name = Main.storyboard;
			sourceTree = "<group>";
		};
		F2C2FBF823A122740065AE1E /* LaunchScreen.storyboard */ = {
			isa = PBXVariantGroup;
			children = (
				F2C2FBF923A122740065AE1E /* Base */,
			);
			name = LaunchScreen.storyboard;
			sourceTree = "<group>";
		};
/* End PBXVariantGroup section */

/* Begin XCBuildConfiguration section */
		F2C2FBFC23A122740065AE1E /* Debug */ = {
			isa = XCBuildConfiguration;
			buildSettings = {
				ALWAYS_SEARCH_USER_PATHS = NO;
				CLANG_ANALYZER_NONNULL = YES;
				CLANG_ANALYZER_NUMBER_OBJECT_CONVERSION = YES_AGGRESSIVE;
				CLANG_CXX_LANGUAGE_STANDARD = "gnu++14";
				CLANG_CXX_LIBRARY = "libc++";
				CLANG_ENABLE_MODULES = YES;
				CLANG_ENABLE_OBJC_ARC = YES;
				CLANG_ENABLE_OBJC_WEAK = YES;
				CLANG_WARN_BLOCK_CAPTURE_AUTORELEASING = YES;
				CLANG_WARN_BOOL_CONVERSION = YES;
				CLANG_WARN_COMMA = YES;
				CLANG_WARN_CONSTANT_CONVERSION = YES;
				CLANG_WARN_DEPRECATED_OBJC_IMPLEMENTATIONS = YES;
				CLANG_WARN_DIRECT_OBJC_ISA_USAGE = YES_ERROR;
				CLANG_WARN_DOCUMENTATION_COMMENTS = YES;
				CLANG_WARN_EMPTY_BODY = YES;
				CLANG_WARN_ENUM_CONVERSION = YES;
				CLANG_WARN_INFINITE_RECURSION = YES;
				CLANG_WARN_INT_CONVERSION = YES;
				CLANG_WARN_NON_LITERAL_NULL_CONVERSION = YES;
				CLANG_WARN_OBJC_IMPLICIT_RETAIN_SELF = YES;
				CLANG_WARN_OBJC_LITERAL_CONVERSION = YES;
				CLANG_WARN_OBJC_ROOT_CLASS = YES_ERROR;
				CLANG_WARN_RANGE_LOOP_ANALYSIS = YES;
				CLANG_WARN_STRICT_PROTOTYPES = YES;
				CLANG_WARN_SUSPICIOUS_MOVE = YES;
				CLANG_WARN_UNGUARDED_AVAILABILITY = YES_AGGRESSIVE;
				CLANG_WARN_UNREACHABLE_CODE = YES;
				CLANG_WARN__DUPLICATE_METHOD_MATCH = YES;
				COPY_PHASE_STRIP = NO;
				DEBUG_INFORMATION_FORMAT = dwarf;
				ENABLE_STRICT_OBJC_MSGSEND = YES;
				ENABLE_TESTABILITY = YES;
				GCC_C_LANGUAGE_STANDARD = gnu11;
				GCC_DYNAMIC_NO_PIC = NO;
				GCC_NO_COMMON_BLOCKS = YES;
				GCC_OPTIMIZATION_LEVEL = 0;
				GCC_PREPROCESSOR_DEFINITIONS = (
					"DEBUG=1",
					"$(inherited)",
				);
				GCC_WARN_64_TO_32_BIT_CONVERSION = YES;
				GCC_WARN_ABOUT_RETURN_TYPE = YES_ERROR;
				GCC_WARN_UNDECLARED_SELECTOR = YES;
				GCC_WARN_UNINITIALIZED_AUTOS = YES_AGGRESSIVE;
				GCC_WARN_UNUSED_FUNCTION = YES;
				GCC_WARN_UNUSED_VARIABLE = YES;
				IPHONEOS_DEPLOYMENT_TARGET = 13.2;
				MTL_ENABLE_DEBUG_INFO = INCLUDE_SOURCE;
				MTL_FAST_MATH = YES;
				ONLY_ACTIVE_ARCH = YES;
				SDKROOT = iphoneos;
				SWIFT_ACTIVE_COMPILATION_CONDITIONS = DEBUG;
				SWIFT_OPTIMIZATION_LEVEL = "-Onone";
			};
			name = Debug;
		};
		F2C2FBFD23A122740065AE1E /* Release */ = {
			isa = XCBuildConfiguration;
			buildSettings = {
				ALWAYS_SEARCH_USER_PATHS = NO;
				CLANG_ANALYZER_NONNULL = YES;
				CLANG_ANALYZER_NUMBER_OBJECT_CONVERSION = YES_AGGRESSIVE;
				CLANG_CXX_LANGUAGE_STANDARD = "gnu++14";
				CLANG_CXX_LIBRARY = "libc++";
				CLANG_ENABLE_MODULES = YES;
				CLANG_ENABLE_OBJC_ARC = YES;
				CLANG_ENABLE_OBJC_WEAK = YES;
				CLANG_WARN_BLOCK_CAPTURE_AUTORELEASING = YES;
				CLANG_WARN_BOOL_CONVERSION = YES;
				CLANG_WARN_COMMA = YES;
				CLANG_WARN_CONSTANT_CONVERSION = YES;
				CLANG_WARN_DEPRECATED_OBJC_IMPLEMENTATIONS = YES;
				CLANG_WARN_DIRECT_OBJC_ISA_USAGE = YES_ERROR;
				CLANG_WARN_DOCUMENTATION_COMMENTS = YES;
				CLANG_WARN_EMPTY_BODY = YES;
				CLANG_WARN_ENUM_CONVERSION = YES;
				CLANG_WARN_INFINITE_RECURSION = YES;
				CLANG_WARN_INT_CONVERSION = YES;
				CLANG_WARN_NON_LITERAL_NULL_CONVERSION = YES;
				CLANG_WARN_OBJC_IMPLICIT_RETAIN_SELF = YES;
				CLANG_WARN_OBJC_LITERAL_CONVERSION = YES;
				CLANG_WARN_OBJC_ROOT_CLASS = YES_ERROR;
				CLANG_WARN_RANGE_LOOP_ANALYSIS = YES;
				CLANG_WARN_STRICT_PROTOTYPES = YES;
				CLANG_WARN_SUSPICIOUS_MOVE = YES;
				CLANG_WARN_UNGUARDED_AVAILABILITY = YES_AGGRESSIVE;
				CLANG_WARN_UNREACHABLE_CODE = YES;
				CLANG_WARN__DUPLICATE_METHOD_MATCH = YES;
				COPY_PHASE_STRIP = NO;
				DEBUG_INFORMATION_FORMAT = "dwarf-with-dsym";
				ENABLE_NS_ASSERTIONS = NO;
				ENABLE_STRICT_OBJC_MSGSEND = YES;
				GCC_C_LANGUAGE_STANDARD = gnu11;
				GCC_NO_COMMON_BLOCKS = YES;
				GCC_WARN_64_TO_32_BIT_CONVERSION = YES;
				GCC_WARN_ABOUT_RETURN_TYPE = YES_ERROR;
				GCC_WARN_UNDECLARED_SELECTOR = YES;
				GCC_WARN_UNINITIALIZED_AUTOS = YES_AGGRESSIVE;
				GCC_WARN_UNUSED_FUNCTION = YES;
				GCC_WARN_UNUSED_VARIABLE = YES;
				IPHONEOS_DEPLOYMENT_TARGET = 13.2;
				MTL_ENABLE_DEBUG_INFO = NO;
				MTL_FAST_MATH = YES;
				SDKROOT = iphoneos;
				SWIFT_COMPILATION_MODE = wholemodule;
				SWIFT_OPTIMIZATION_LEVEL = "-O";
				VALIDATE_PRODUCT = YES;
			};
			name = Release;
		};
		F2C2FBFF23A122740065AE1E /* Debug */ = {
			isa = XCBuildConfiguration;
			buildSettings = {
				ASSETCATALOG_COMPILER_APPICON_NAME = AppIcon;
				CODE_SIGN_STYLE = Automatic;
				DEVELOPMENT_TEAM = H64R62CZB4;
				INFOPLIST_FILE = SortedTableViewTest/Info.plist;
				IPHONEOS_DEPLOYMENT_TARGET = 13.0;
				LD_RUNPATH_SEARCH_PATHS = (
					"$(inherited)",
					"@executable_path/Frameworks",
				);
				PRODUCT_BUNDLE_IDENTIFIER = dev.derekn.SortedTableViewTest;
				PRODUCT_NAME = "$(TARGET_NAME)";
				SWIFT_VERSION = 5.0;
				TARGETED_DEVICE_FAMILY = "1,2";
			};
			name = Debug;
		};
		F2C2FC0023A122740065AE1E /* Release */ = {
			isa = XCBuildConfiguration;
			buildSettings = {
				ASSETCATALOG_COMPILER_APPICON_NAME = AppIcon;
				CODE_SIGN_STYLE = Automatic;
				DEVELOPMENT_TEAM = H64R62CZB4;
				INFOPLIST_FILE = SortedTableViewTest/Info.plist;
				IPHONEOS_DEPLOYMENT_TARGET = 13.0;
				LD_RUNPATH_SEARCH_PATHS = (
					"$(inherited)",
					"@executable_path/Frameworks",
				);
				PRODUCT_BUNDLE_IDENTIFIER = dev.derekn.SortedTableViewTest;
				PRODUCT_NAME = "$(TARGET_NAME)";
				SWIFT_VERSION = 5.0;
				TARGETED_DEVICE_FAMILY = "1,2";
			};
			name = Release;
		};
/* End XCBuildConfiguration section */

/* Begin XCConfigurationList section */
		F2C2FBE523A122720065AE1E /* Build configuration list for PBXProject "SortedTableViewTest" */ = {
			isa = XCConfigurationList;
			buildConfigurations = (
				F2C2FBFC23A122740065AE1E /* Debug */,
				F2C2FBFD23A122740065AE1E /* Release */,
			);
			defaultConfigurationIsVisible = 0;
			defaultConfigurationName = Release;
		};
		F2C2FBFE23A122740065AE1E /* Build configuration list for PBXNativeTarget "SortedTableViewTest" */ = {
			isa = XCConfigurationList;
			buildConfigurations = (
				F2C2FBFF23A122740065AE1E /* Debug */,
				F2C2FC0023A122740065AE1E /* Release */,
			);
			defaultConfigurationIsVisible = 0;
			defaultConfigurationName = Release;
		};
/* End XCConfigurationList section */
	};
	rootObject = F2C2FBE223A122720065AE1E /* Project object */;
}
